
Microsoft Visual Studio Solution File, Format Version 12.00
# Visual Studio Version 17
VisualStudioVersion = 17.10.35027.167
MinimumVisualStudioVersion = 10.0.40219.1
Project("{9A19103F-16F7-4668-BE54-9A1E7A4F7556}") = "Companion", "Companion.csproj", "{FFB0C827-5D5B-4490-8746-A3B8D4469125}"
EndProject
Global
	GlobalSection(SolutionConfigurationPlatforms) = preSolution
		Debug|Any CPU = Debug|Any CPU
		Release|Any CPU = Release|Any CPU
	EndGlobalSection
	GlobalSection(ProjectConfigurationPlatforms) = postSolution
		{FFB0C827-5D5B-4490-8746-A3B8D4469125}.Debug|Any CPU.ActiveCfg = Debug|Any CPU
		{FFB0C827-5D5B-4490-8746-A3B8D4469125}.Debug|Any CPU.Build.0 = Debug|Any CPU
		{FFB0C827-5D5B-4490-8746-A3B8D4469125}.Release|Any CPU.ActiveCfg = Release|Any CPU
		{FFB0C827-5D5B-4490-8746-A3B8D4469125}.Release|Any CPU.Build.0 = Release|Any CPU
	EndGlobalSection
	GlobalSection(SolutionProperties) = preSolution
		HideSolutionNode = FALSE
	EndGlobalSection
	GlobalSection(ExtensibilityGlobals) = postSolution
		SolutionGuid = {BE610209-A116-4DEF-AF32-A74EB1D18A11}
	EndGlobalSection
EndGlobal
